
Microsoft Visual Studio Solution File, Format Version 12.00
# Visual Studio Version 17
VisualStudioVersion = 17.1.32407.343
MinimumVisualStudioVersion = 10.0.40219.1
Project("{9A19103F-16F7-4668-BE54-9A1E7A4F7556}") = "Graduation", "While loop exercise\Graduation.csproj", "{D27B1DF4-F69D-41BD-B0B0-71E9BEDBB133}"
EndProject
Project("{9A19103F-16F7-4668-BE54-9A1E7A4F7556}") = "Account Balance", "Account Balance\Account Balance.csproj", "{473C7B6F-43A2-464E-BD67-F4164E44BF51}"
EndProject
Project("{9A19103F-16F7-4668-BE54-9A1E7A4F7556}") = "Max Number", "Max Number\Max Number.csproj", "{3C828242-3DF2-434A-824C-5A575F93D3E1}"
EndProject
Project("{9A19103F-16F7-4668-BE54-9A1E7A4F7556}") = "Password", "Password\Password.csproj", "{F780AC75-105D-47C8-88BA-8D403E0EE13B}"
EndProject
Project("{9A19103F-16F7-4668-BE54-9A1E7A4F7556}") = "Moving", "Moving\Moving.csproj", "{730C41FF-093D-4B95-9092-64DCA4EF8B40}"
EndProject
Project("{9A19103F-16F7-4668-BE54-9A1E7A4F7556}") = "Cake", "Cake\Cake.csproj", "{7C88051A-E355-42DF-8D13-D14E8EBB8DFF}"
EndProject
Project("{9A19103F-16F7-4668-BE54-9A1E7A4F7556}") = "Walking", "Walking\Walking.csproj", "{E152B6BE-D2A3-4E96-9F20-0C09BB85810B}"
EndProject
Project("{9A19103F-16F7-4668-BE54-9A1E7A4F7556}") = "Vacation", "Vacation\Vacation.csproj", "{0C0B9CC1-8740-4CB7-A40D-C4F5132AE1D9}"
EndProject
Project("{9A19103F-16F7-4668-BE54-9A1E7A4F7556}") = "Exam Preparation", "Exam Preparation\Exam Preparation.csproj", "{9525528F-FE8D-40FD-A5EF-6679C1A26FB2}"
EndProject
Project("{9A19103F-16F7-4668-BE54-9A1E7A4F7556}") = "Old Books", "Old Books\Old Books.csproj", "{348EFBCE-2409-4D15-A473-0F1A2765CBE7}"
EndProject
Project("{FAE04EC0-301F-11D3-BF4B-00C04F79EFBC}") = "Dish washer", "Dish washer\Dish washer.csproj", "{8FD72B24-0C41-498D-9287-581BE0D2F1E4}"
EndProject
Project("{FAE04EC0-301F-11D3-BF4B-00C04F79EFBC}") = "Report System", "Report System\Report System.csproj", "{4F4978C7-BA9E-47D5-A430-3DA804A4AD67}"
EndProject
Project("{FAE04EC0-301F-11D3-BF4B-00C04F79EFBC}") = "Average Number", "Average Number\Average Number.csproj", "{524AD42B-FA9A-42C0-92E8-55E1F8EEC1F2}"
EndProject
Global
	GlobalSection(SolutionConfigurationPlatforms) = preSolution
		Debug|Any CPU = Debug|Any CPU
		Release|Any CPU = Release|Any CPU
	EndGlobalSection
	GlobalSection(ProjectConfigurationPlatforms) = postSolution
		{D27B1DF4-F69D-41BD-B0B0-71E9BEDBB133}.Debug|Any CPU.ActiveCfg = Debug|Any CPU
		{D27B1DF4-F69D-41BD-B0B0-71E9BEDBB133}.Debug|Any CPU.Build.0 = Debug|Any CPU
		{D27B1DF4-F69D-41BD-B0B0-71E9BEDBB133}.Release|Any CPU.ActiveCfg = Release|Any CPU
		{D27B1DF4-F69D-41BD-B0B0-71E9BEDBB133}.Release|Any CPU.Build.0 = Release|Any CPU
		{473C7B6F-43A2-464E-BD67-F4164E44BF51}.Debug|Any CPU.ActiveCfg = Debug|Any CPU
		{473C7B6F-43A2-464E-BD67-F4164E44BF51}.Debug|Any CPU.Build.0 = Debug|Any CPU
		{473C7B6F-43A2-464E-BD67-F4164E44BF51}.Release|Any CPU.ActiveCfg = Release|Any CPU
		{473C7B6F-43A2-464E-BD67-F4164E44BF51}.Release|Any CPU.Build.0 = Release|Any CPU
		{3C828242-3DF2-434A-824C-5A575F93D3E1}.Debug|Any CPU.ActiveCfg = Debug|Any CPU
		{3C828242-3DF2-434A-824C-5A575F93D3E1}.Debug|Any CPU.Build.0 = Debug|Any CPU
		{3C828242-3DF2-434A-824C-5A575F93D3E1}.Release|Any CPU.ActiveCfg = Release|Any CPU
		{3C828242-3DF2-434A-824C-5A575F93D3E1}.Release|Any CPU.Build.0 = Release|Any CPU
		{F780AC75-105D-47C8-88BA-8D403E0EE13B}.Debug|Any CPU.ActiveCfg = Debug|Any CPU
		{F780AC75-105D-47C8-88BA-8D403E0EE13B}.Debug|Any CPU.Build.0 = Debug|Any CPU
		{F780AC75-105D-47C8-88BA-8D403E0EE13B}.Release|Any CPU.ActiveCfg = Release|Any CPU
		{F780AC75-105D-47C8-88BA-8D403E0EE13B}.Release|Any CPU.Build.0 = Release|Any CPU
		{730C41FF-093D-4B95-9092-64DCA4EF8B40}.Debug|Any CPU.ActiveCfg = Debug|Any CPU
		{730C41FF-093D-4B95-9092-64DCA4EF8B40}.Debug|Any CPU.Build.0 = Debug|Any CPU
		{730C41FF-093D-4B95-9092-64DCA4EF8B40}.Release|Any CPU.ActiveCfg = Release|Any CPU
		{730C41FF-093D-4B95-9092-64DCA4EF8B40}.Release|Any CPU.Build.0 = Release|Any CPU
		{7C88051A-E355-42DF-8D13-D14E8EBB8DFF}.Debug|Any CPU.ActiveCfg = Debug|Any CPU
		{7C88051A-E355-42DF-8D13-D14E8EBB8DFF}.Debug|Any CPU.Build.0 = Debug|Any CPU
		{7C88051A-E355-42DF-8D13-D14E8EBB8DFF}.Release|Any CPU.ActiveCfg = Release|Any CPU
		{7C88051A-E355-42DF-8D13-D14E8EBB8DFF}.Release|Any CPU.Build.0 = Release|Any CPU
		{E152B6BE-D2A3-4E96-9F20-0C09BB85810B}.Debug|Any CPU.ActiveCfg = Debug|Any CPU
		{E152B6BE-D2A3-4E96-9F20-0C09BB85810B}.Debug|Any CPU.Build.0 = Debug|Any CPU
		{E152B6BE-D2A3-4E96-9F20-0C09BB85810B}.Release|Any CPU.ActiveCfg = Release|Any CPU
		{E152B6BE-D2A3-4E96-9F20-0C09BB85810B}.Release|Any CPU.Build.0 = Release|Any CPU
		{0C0B9CC1-8740-4CB7-A40D-C4F5132AE1D9}.Debug|Any CPU.ActiveCfg = Debug|Any CPU
		{0C0B9CC1-8740-4CB7-A40D-C4F5132AE1D9}.Debug|Any CPU.Build.0 = Debug|Any CPU
		{0C0B9CC1-8740-4CB7-A40D-C4F5132AE1D9}.Release|Any CPU.ActiveCfg = Release|Any CPU
		{0C0B9CC1-8740-4CB7-A40D-C4F5132AE1D9}.Release|Any CPU.Build.0 = Release|Any CPU
		{9525528F-FE8D-40FD-A5EF-6679C1A26FB2}.Debug|Any CPU.ActiveCfg = Debug|Any CPU
		{9525528F-FE8D-40FD-A5EF-6679C1A26FB2}.Debug|Any CPU.Build.0 = Debug|Any CPU
		{9525528F-FE8D-40FD-A5EF-6679C1A26FB2}.Release|Any CPU.ActiveCfg = Release|Any CPU
		{9525528F-FE8D-40FD-A5EF-6679C1A26FB2}.Release|Any CPU.Build.0 = Release|Any CPU
		{348EFBCE-2409-4D15-A473-0F1A2765CBE7}.Debug|Any CPU.ActiveCfg = Debug|Any CPU
		{348EFBCE-2409-4D15-A473-0F1A2765CBE7}.Debug|Any CPU.Build.0 = Debug|Any CPU
		{348EFBCE-2409-4D15-A473-0F1A2765CBE7}.Release|Any CPU.ActiveCfg = Release|Any CPU
		{348EFBCE-2409-4D15-A473-0F1A2765CBE7}.Release|Any CPU.Build.0 = Release|Any CPU
		{8FD72B24-0C41-498D-9287-581BE0D2F1E4}.Debug|Any CPU.ActiveCfg = Debug|Any CPU
		{8FD72B24-0C41-498D-9287-581BE0D2F1E4}.Debug|Any CPU.Build.0 = Debug|Any CPU
		{8FD72B24-0C41-498D-9287-581BE0D2F1E4}.Release|Any CPU.ActiveCfg = Release|Any CPU
		{8FD72B24-0C41-498D-9287-581BE0D2F1E4}.Release|Any CPU.Build.0 = Release|Any CPU
		{4F4978C7-BA9E-47D5-A430-3DA804A4AD67}.Debug|Any CPU.ActiveCfg = Debug|Any CPU
		{4F4978C7-BA9E-47D5-A430-3DA804A4AD67}.Debug|Any CPU.Build.0 = Debug|Any CPU
		{4F4978C7-BA9E-47D5-A430-3DA804A4AD67}.Release|Any CPU.ActiveCfg = Release|Any CPU
		{4F4978C7-BA9E-47D5-A430-3DA804A4AD67}.Release|Any CPU.Build.0 = Release|Any CPU
		{524AD42B-FA9A-42C0-92E8-55E1F8EEC1F2}.Debug|Any CPU.ActiveCfg = Debug|Any CPU
		{524AD42B-FA9A-42C0-92E8-55E1F8EEC1F2}.Debug|Any CPU.Build.0 = Debug|Any CPU
		{524AD42B-FA9A-42C0-92E8-55E1F8EEC1F2}.Release|Any CPU.ActiveCfg = Release|Any CPU
		{524AD42B-FA9A-42C0-92E8-55E1F8EEC1F2}.Release|Any CPU.Build.0 = Release|Any CPU
	EndGlobalSection
	GlobalSection(SolutionProperties) = preSolution
		HideSolutionNode = FALSE
	EndGlobalSection
	GlobalSection(ExtensibilityGlobals) = postSolution
		SolutionGuid = {93CF036A-1987-4138-85E4-E34314E7AA4B}
	EndGlobalSection
EndGlobal
