
Microsoft Visual Studio Solution File, Format Version 12.00
# Visual Studio Version 17
VisualStudioVersion = 17.1.32407.343
MinimumVisualStudioVersion = 10.0.40219.1
Project("{FAE04EC0-301F-11D3-BF4B-00C04F79EFBC}") = "Series Calculator", "ConsoleApp246\Series Calculator.csproj", "{D9002007-7472-4D17-B054-3B183B670C01}"
EndProject
Project("{FAE04EC0-301F-11D3-BF4B-00C04F79EFBC}") = "Movie Profit", "Movie Profit\Movie Profit.csproj", "{D80CCD77-EC61-432F-A125-EAD39262B103}"
EndProject
Project("{FAE04EC0-301F-11D3-BF4B-00C04F79EFBC}") = "Movie Day", "Movie Day\Movie Day.csproj", "{0D97A5C8-B6C7-45D4-88DD-1D7696B3A995}"
EndProject
Project("{FAE04EC0-301F-11D3-BF4B-00C04F79EFBC}") = "Film Premiere", "Film Premiere\Film Premiere.csproj", "{A0D153FA-CD18-476C-8943-CFFD5C004A7B}"
EndProject
Project("{FAE04EC0-301F-11D3-BF4B-00C04F79EFBC}") = "Movie Destination", "Movie Destination\Movie Destination.csproj", "{5339C412-5AF1-4DA3-94B9-BD90C27651C9}"
EndProject
Project("{FAE04EC0-301F-11D3-BF4B-00C04F79EFBC}") = "Cinema", "Cinema\Cinema.csproj", "{5C4EBFD7-4953-47E4-8113-3A2E53D35F4F}"
EndProject
Project("{FAE04EC0-301F-11D3-BF4B-00C04F79EFBC}") = "Movie Stars", "Movie Stars\Movie Stars.csproj", "{CD8846BB-808D-4DFD-BFC2-702CB963ACC6}"
EndProject
Project("{FAE04EC0-301F-11D3-BF4B-00C04F79EFBC}") = "Series", "Series\Series.csproj", "{3B56107A-32D4-4568-AE85-9995D6A78A6B}"
EndProject
Project("{FAE04EC0-301F-11D3-BF4B-00C04F79EFBC}") = "Oscars", "Oscars\Oscars.csproj", "{1E7E1C25-B3D0-4449-B4AB-8C11D0954B45}"
EndProject
Project("{FAE04EC0-301F-11D3-BF4B-00C04F79EFBC}") = "Favorite Movie", "Favorite Movie\Favorite Movie.csproj", "{50CB52D6-9E00-4A8E-BE35-84A8F0AC34C8}"
EndProject
Project("{FAE04EC0-301F-11D3-BF4B-00C04F79EFBC}") = "Movie Tickets", "Movie Tickets\Movie Tickets.csproj", "{362A8EAF-57AF-475A-B408-157B5DF20B2E}"
EndProject
Global
	GlobalSection(SolutionConfigurationPlatforms) = preSolution
		Debug|Any CPU = Debug|Any CPU
		Release|Any CPU = Release|Any CPU
	EndGlobalSection
	GlobalSection(ProjectConfigurationPlatforms) = postSolution
		{D9002007-7472-4D17-B054-3B183B670C01}.Debug|Any CPU.ActiveCfg = Debug|Any CPU
		{D9002007-7472-4D17-B054-3B183B670C01}.Debug|Any CPU.Build.0 = Debug|Any CPU
		{D9002007-7472-4D17-B054-3B183B670C01}.Release|Any CPU.ActiveCfg = Release|Any CPU
		{D9002007-7472-4D17-B054-3B183B670C01}.Release|Any CPU.Build.0 = Release|Any CPU
		{D80CCD77-EC61-432F-A125-EAD39262B103}.Debug|Any CPU.ActiveCfg = Debug|Any CPU
		{D80CCD77-EC61-432F-A125-EAD39262B103}.Debug|Any CPU.Build.0 = Debug|Any CPU
		{D80CCD77-EC61-432F-A125-EAD39262B103}.Release|Any CPU.ActiveCfg = Release|Any CPU
		{D80CCD77-EC61-432F-A125-EAD39262B103}.Release|Any CPU.Build.0 = Release|Any CPU
		{0D97A5C8-B6C7-45D4-88DD-1D7696B3A995}.Debug|Any CPU.ActiveCfg = Debug|Any CPU
		{0D97A5C8-B6C7-45D4-88DD-1D7696B3A995}.Debug|Any CPU.Build.0 = Debug|Any CPU
		{0D97A5C8-B6C7-45D4-88DD-1D7696B3A995}.Release|Any CPU.ActiveCfg = Release|Any CPU
		{0D97A5C8-B6C7-45D4-88DD-1D7696B3A995}.Release|Any CPU.Build.0 = Release|Any CPU
		{A0D153FA-CD18-476C-8943-CFFD5C004A7B}.Debug|Any CPU.ActiveCfg = Debug|Any CPU
		{A0D153FA-CD18-476C-8943-CFFD5C004A7B}.Debug|Any CPU.Build.0 = Debug|Any CPU
		{A0D153FA-CD18-476C-8943-CFFD5C004A7B}.Release|Any CPU.ActiveCfg = Release|Any CPU
		{A0D153FA-CD18-476C-8943-CFFD5C004A7B}.Release|Any CPU.Build.0 = Release|Any CPU
		{5339C412-5AF1-4DA3-94B9-BD90C27651C9}.Debug|Any CPU.ActiveCfg = Debug|Any CPU
		{5339C412-5AF1-4DA3-94B9-BD90C27651C9}.Debug|Any CPU.Build.0 = Debug|Any CPU
		{5339C412-5AF1-4DA3-94B9-BD90C27651C9}.Release|Any CPU.ActiveCfg = Release|Any CPU
		{5339C412-5AF1-4DA3-94B9-BD90C27651C9}.Release|Any CPU.Build.0 = Release|Any CPU
		{5C4EBFD7-4953-47E4-8113-3A2E53D35F4F}.Debug|Any CPU.ActiveCfg = Debug|Any CPU
		{5C4EBFD7-4953-47E4-8113-3A2E53D35F4F}.Debug|Any CPU.Build.0 = Debug|Any CPU
		{5C4EBFD7-4953-47E4-8113-3A2E53D35F4F}.Release|Any CPU.ActiveCfg = Release|Any CPU
		{5C4EBFD7-4953-47E4-8113-3A2E53D35F4F}.Release|Any CPU.Build.0 = Release|Any CPU
		{CD8846BB-808D-4DFD-BFC2-702CB963ACC6}.Debug|Any CPU.ActiveCfg = Debug|Any CPU
		{CD8846BB-808D-4DFD-BFC2-702CB963ACC6}.Debug|Any CPU.Build.0 = Debug|Any CPU
		{CD8846BB-808D-4DFD-BFC2-702CB963ACC6}.Release|Any CPU.ActiveCfg = Release|Any CPU
		{CD8846BB-808D-4DFD-BFC2-702CB963ACC6}.Release|Any CPU.Build.0 = Release|Any CPU
		{3B56107A-32D4-4568-AE85-9995D6A78A6B}.Debug|Any CPU.ActiveCfg = Debug|Any CPU
		{3B56107A-32D4-4568-AE85-9995D6A78A6B}.Debug|Any CPU.Build.0 = Debug|Any CPU
		{3B56107A-32D4-4568-AE85-9995D6A78A6B}.Release|Any CPU.ActiveCfg = Release|Any CPU
		{3B56107A-32D4-4568-AE85-9995D6A78A6B}.Release|Any CPU.Build.0 = Release|Any CPU
		{1E7E1C25-B3D0-4449-B4AB-8C11D0954B45}.Debug|Any CPU.ActiveCfg = Debug|Any CPU
		{1E7E1C25-B3D0-4449-B4AB-8C11D0954B45}.Debug|Any CPU.Build.0 = Debug|Any CPU
		{1E7E1C25-B3D0-4449-B4AB-8C11D0954B45}.Release|Any CPU.ActiveCfg = Release|Any CPU
		{1E7E1C25-B3D0-4449-B4AB-8C11D0954B45}.Release|Any CPU.Build.0 = Release|Any CPU
		{50CB52D6-9E00-4A8E-BE35-84A8F0AC34C8}.Debug|Any CPU.ActiveCfg = Debug|Any CPU
		{50CB52D6-9E00-4A8E-BE35-84A8F0AC34C8}.Debug|Any CPU.Build.0 = Debug|Any CPU
		{50CB52D6-9E00-4A8E-BE35-84A8F0AC34C8}.Release|Any CPU.ActiveCfg = Release|Any CPU
		{50CB52D6-9E00-4A8E-BE35-84A8F0AC34C8}.Release|Any CPU.Build.0 = Release|Any CPU
		{362A8EAF-57AF-475A-B408-157B5DF20B2E}.Debug|Any CPU.ActiveCfg = Debug|Any CPU
		{362A8EAF-57AF-475A-B408-157B5DF20B2E}.Debug|Any CPU.Build.0 = Debug|Any CPU
		{362A8EAF-57AF-475A-B408-157B5DF20B2E}.Release|Any CPU.ActiveCfg = Release|Any CPU
		{362A8EAF-57AF-475A-B408-157B5DF20B2E}.Release|Any CPU.Build.0 = Release|Any CPU
	EndGlobalSection
	GlobalSection(SolutionProperties) = preSolution
		HideSolutionNode = FALSE
	EndGlobalSection
	GlobalSection(ExtensibilityGlobals) = postSolution
		SolutionGuid = {1EEFEA47-16DE-44E0-8497-D7FC0821F24D}
	EndGlobalSection
EndGlobal
